
Microsoft Visual Studio Solution File, Format Version 12.00
# Visual Studio 12
Project("{FAE04EC0-301F-11D3-BF4B-00C04F79EFBC}") = "Debugging", "Debugging.csproj", "{1CE83EA0-531D-47DC-9D35-F8AE5EFC9E01}"
EndProject
Project("{F184B08F-C81C-45F6-A57F-5ABD9991F28F}") = "VBDebugging", "VBDebugging\VBDebugging.vbproj", "{E9DCCEB8-F81F-470E-9ED8-EE9465252B90}"
EndProject
Project("{FAE04EC0-301F-11D3-BF4B-00C04F79EFBC}") = "ConfigurationTester", "ConfigurationTester\ConfigurationTester.csproj", "{E18AE928-906F-49A1-BAF5-3E75944E8780}"
EndProject
Global
	GlobalSection(TeamFoundationVersionControl) = preSolution
		SccNumberOfProjects = 4
		SccEnterpriseProvider = {4CA58AB2-18FA-4F8D-95D4-32DDF27D184C}
		SccTeamFoundationServer = https://tfs06.codeplex.com/
		SccLocalPath0 = .
		SccProjectUniqueName1 = Debugging.csproj
		SccLocalPath1 = .
		SccProjectUniqueName2 = VBDebugging\\VBDebugging.vbproj
		SccProjectName2 = VBDebugging
		SccLocalPath2 = VBDebugging
		SccProjectUniqueName3 = ConfigurationTester\\ConfigurationTester.csproj
		SccProjectName3 = ConfigurationTester
		SccLocalPath3 = ConfigurationTester
	EndGlobalSection
	GlobalSection(SolutionConfigurationPlatforms) = preSolution
		Debug|Any CPU = Debug|Any CPU
		Release|Any CPU = Release|Any CPU
	EndGlobalSection
	GlobalSection(ProjectConfigurationPlatforms) = postSolution
		{1CE83EA0-531D-47DC-9D35-F8AE5EFC9E01}.Debug|Any CPU.ActiveCfg = Debug|Any CPU
		{1CE83EA0-531D-47DC-9D35-F8AE5EFC9E01}.Debug|Any CPU.Build.0 = Debug|Any CPU
		{1CE83EA0-531D-47DC-9D35-F8AE5EFC9E01}.Release|Any CPU.ActiveCfg = Release|Any CPU
		{1CE83EA0-531D-47DC-9D35-F8AE5EFC9E01}.Release|Any CPU.Build.0 = Release|Any CPU
		{E9DCCEB8-F81F-470E-9ED8-EE9465252B90}.Debug|Any CPU.ActiveCfg = Debug|Any CPU
		{E9DCCEB8-F81F-470E-9ED8-EE9465252B90}.Debug|Any CPU.Build.0 = Debug|Any CPU
		{E9DCCEB8-F81F-470E-9ED8-EE9465252B90}.Release|Any CPU.ActiveCfg = Release|Any CPU
		{E9DCCEB8-F81F-470E-9ED8-EE9465252B90}.Release|Any CPU.Build.0 = Release|Any CPU
		{E18AE928-906F-49A1-BAF5-3E75944E8780}.Debug|Any CPU.ActiveCfg = Debug|Any CPU
		{E18AE928-906F-49A1-BAF5-3E75944E8780}.Debug|Any CPU.Build.0 = Debug|Any CPU
		{E18AE928-906F-49A1-BAF5-3E75944E8780}.Release|Any CPU.ActiveCfg = Release|Any CPU
		{E18AE928-906F-49A1-BAF5-3E75944E8780}.Release|Any CPU.Build.0 = Release|Any CPU
	EndGlobalSection
	GlobalSection(SolutionProperties) = preSolution
		HideSolutionNode = FALSE
	EndGlobalSection
	GlobalSection(TextTemplating) = postSolution
		TextTemplating = 1
	EndGlobalSection
EndGlobal
